
Microsoft Visual Studio Solution File, Format Version 12.00
# Visual Studio 2012
Project("{FAE04EC0-301F-11D3-BF4B-00C04F79EFBC}") = "UniversityWebsite", "UniversityWebsite\UniversityWebsite.csproj", "{8F57D573-D799-4811-B14B-E3540E864784}"
EndProject
Project("{2150E333-8FDC-42A3-9474-1A3956D46DE8}") = ".nuget", ".nuget", "{9FC1B7FE-E4F6-4598-9EA5-5FACF6A864AF}"
	ProjectSection(SolutionItems) = preProject
		.nuget\NuGet.Config = .nuget\NuGet.Config
		.nuget\NuGet.exe = .nuget\NuGet.exe
		.nuget\NuGet.targets = .nuget\NuGet.targets
	EndProjectSection
EndProject
Project("{FAE04EC0-301F-11D3-BF4B-00C04F79EFBC}") = "UniversityWebsite.Services", "UniversityWebsite.Services\UniversityWebsite.Services.csproj", "{8C9BB222-D4E1-4AFA-8E3B-38EAE2D7A1D3}"
EndProject
Global
	GlobalSection(SolutionConfigurationPlatforms) = preSolution
		Debug|Any CPU = Debug|Any CPU
		Release|Any CPU = Release|Any CPU
	EndGlobalSection
	GlobalSection(ProjectConfigurationPlatforms) = postSolution
		{8F57D573-D799-4811-B14B-E3540E864784}.Debug|Any CPU.ActiveCfg = Debug|Any CPU
		{8F57D573-D799-4811-B14B-E3540E864784}.Debug|Any CPU.Build.0 = Debug|Any CPU
		{8F57D573-D799-4811-B14B-E3540E864784}.Release|Any CPU.ActiveCfg = Release|Any CPU
		{8F57D573-D799-4811-B14B-E3540E864784}.Release|Any CPU.Build.0 = Release|Any CPU
		{8C9BB222-D4E1-4AFA-8E3B-38EAE2D7A1D3}.Debug|Any CPU.ActiveCfg = Debug|Any CPU
		{8C9BB222-D4E1-4AFA-8E3B-38EAE2D7A1D3}.Debug|Any CPU.Build.0 = Debug|Any CPU
		{8C9BB222-D4E1-4AFA-8E3B-38EAE2D7A1D3}.Release|Any CPU.ActiveCfg = Release|Any CPU
		{8C9BB222-D4E1-4AFA-8E3B-38EAE2D7A1D3}.Release|Any CPU.Build.0 = Release|Any CPU
	EndGlobalSection
	GlobalSection(SolutionProperties) = preSolution
		HideSolutionNode = FALSE
	EndGlobalSection
EndGlobal
